# This file is automatically @generated by Cargo.
# It is not intended for manual editing.
version = 4

[[package]]
name = "liq-adapters"
version = "0.1.0"

[[package]]
name = "liq-books"
version = "0.1.0"

[[package]]
name = "liq-bot"
version = "0.1.0"

[[package]]
name = "liq-config"
version = "0.1.0"

[[package]]
name = "liq-engine"
version = "0.1.0"

[[package]]
name = "liq-exec"
version = "0.1.0"

[[package]]
name = "liq-flash"
version = "0.1.0"

[[package]]
name = "liq-node"
version = "0.1.0"

[[package]]
name = "liq-obs"
version = "0.1.0"

[[package]]
name = "liq-oracle"
version = "0.1.0"

[[package]]
name = "liq-plan"
version = "0.1.0"

[[package]]
name = "liq-protocol"
version = "0.1.0"

[[package]]
name = "liq-replay"
version = "0.1.0"

[[package]]
name = "liq-risk"
version = "0.1.0"

[[package]]
name = "liq-router"
version = "0.1.0"

[[package]]
name = "liq-sim"
version = "0.1.0"

[[package]]
name = "liq-state"
version = "0.1.0"

[[package]]
name = "liq-types"
version = "0.1.0"

[[package]]
name = "liq-watch"
version = "0.1.0"
